version = 1
revision = 3
requires-python = ">=3.14"

[[package]]
name = "dnspython"
version = "2.8.0"
source = { registry = "https://pypi.org/simple" }
sdist = { url = "https://files.pythonhosted.org/packages/8c/8b/57666417c0f90f08bcafa776861060426765fdb422eb10212086fb811d26/dnspython-2.8.0.tar.gz", hash = "sha256:181d3c6996452cb1189c4046c61599b84a5a86e099562ffde77d26984ff26d0f", size = 368251, upload-time = "2025-09-07T18:58:00.022Z" }
wheels = [
    { url = "https://files.pythonhosted.org/packages/ba/5a/18ad964b0086c6e62e2e7500f7edc89e3faa45033c71c1893d34eed2b2de/dnspython-2.8.0-py3-none-any.whl", hash = "sha256:01d9bbc4a2d76bf0db7c1f729812ded6d912bd318d3b1cf81d30c0f845dbf3af", size = 331094, upload-time = "2025-09-07T18:57:58.071Z" },
]

[[package]]
name = "nosql-lab"
version = "0.1.0"
source = { editable = "." }
dependencies = [
    { name = "pymongo" },
]

[package.metadata]
requires-dist = [{ name = "pymongo", specifier = ">=4.18.2" }]

[[package]]
name = "pymongo"
version = "4.18.2"
source = { registry = "https://pypi.org/simple" }
dependencies = [
    { name = "dnspython" },
]
sdist = { url = "https://files.pythonhosted.org/packages/dc/04/455039b475bb8afa5af9b8c363fb773a45d898016f04ee40c1c75003a3f9/pymongo-4.18.2.tar.gz", hash = "sha256:1bd4321cc63c06954953eae9eb8fb5d9075296b96c0e3ed34ccb91a0dcce31a5", size = 2746691, upload-time = "2026-09-24T16:59:59.472Z" }
wheels = [
    { url = "https://files.pythonhosted.org/packages/ae/05/bbd7cc697e56a92821310b8b8f46f2f3cb787d37e9eb29feb179cb00406a/pymongo-4.18.2-cp314-cp314-macosx_10_15_x86_64.whl", hash = "sha256:1c89bd8b901f2e69e0b129feedcc487f4a526140637dcff4501a535b9e4cbd09", size = 818884, upload-time = "2026-09-24T16:59:07.296Z" },
    { url = "https://files.pythonhosted.org/packages/ec/c9/24b4d3c9ccac4b42729c4c11670de137dfd510fca710470bb74bb9a34854/pymongo-4.18.2-cp314-cp314-macosx_11_0_arm64.whl", hash = "sha256:d11b4bfe82f0ca45d2305f707ddb9f1edb345b10baed60a0384c1e6bc1ca3778", size = 819450, upload-time = "2026-09-24T16:59:09.224Z" },
    { url = "https://files.pythonhosted.org/packages/1b/c2/32b0d851cb94690053f25eabe859a655174098256a57d13ec04413a61600/pymongo-4.18.2-cp314-cp314-manylinux1_i686.manylinux_2_28_i686.manylinux_2_5_i686.whl", hash = "sha256:bad9e6898ac71e57dce337bdb5561722bd5a452e8e8ab6ca78afd69ae767761e", size = 1041542, upload-time = "2026-09-24T16:59:10.89Z" },
    { url = "https://files.pythonhosted.org/packages/18/91/242659838210f03059c7822a2f854043dfd7402f33e27a28b78cb42cd926/pymongo-4.18.2-cp314-cp314-manylinux2014_aarch64.manylinux_2_17_aarch64.manylinux_2_28_aarch64.whl", hash = "sha256:01036c697d9bd0f2bd0373f32b76f8f5ee0d412509ef2647ece22a032363e08d", size = 1051247, upload-time = "2026-09-24T16:59:12.816Z" },
    { url = "https://files.pythonhosted.org/packages/4b/c8/76cd0897a16676fa6bc03e0ddea853940157530bb58327b55ad1a399eeb9/pymongo-4.18.2-cp314-cp314-manylinux2014_ppc64le.manylinux_2_17_ppc64le.manylinux_2_28_ppc64le.whl", hash = "sha256:cc55d12749c34c79b3b7c366a41653bdbbeb2d6999743fef9445b7f8b328d0c0", size = 1075546, upload-time = "2026-09-24T16:59:14.431Z" },
    { url = "https://files.pythonhosted.org/packages/43/19/5aabaefc4f01db369af0ecf876b7cfbf7d23900f4d10457a803b1689c2dc/pymongo-4.18.2-cp314-cp314-manylinux2014_s390x.manylinux_2_17_s390x.manylinux_2_28_s390x.whl", hash = "sha256:3c43efaca0b1060d3f6c3c8ffa39f5a272959c9eb64fca7718e42d40cac201fa", size = 1064567, upload-time = "2026-09-24T16:59:16.111Z" },
    { url = "https://files.pythonhosted.org/packages/84/85/bcd7aa8a85785e5ab7e99a8f87c988a858b45350dc7f45dd5b91d0d3d200/pymongo-4.18.2-cp314-cp314-manylinux2014_x86_64.manylinux_2_17_x86_64.manylinux_2_28_x86_64.whl", hash = "sha256:7c8ac2c5a5dbdac98731e0078fc558066bec8d655f47ac19af8d5f8bf64208d5", size = 1049499, upload-time = "2026-09-24T16:59:17.759Z" },
    { url = "https://files.pythonhosted.org/packages/7d/62/b5dcd1475e6bcb5c099f03e1a8dee5f4a599f3b0bffbcada0b60144ee3a6/pymongo-4.18.2-cp314-cp314-win32.whl", hash = "sha256:0095668ed0374687bb4ec3d216c3ab35fce56d06485a4b192e3205c6509de778", size = 816300, upload-time = "2026-09-24T16:59:19.43Z" },
    { url = "https://files.pythonhosted.org/packages/14/35/4c6f1ceec6619de273b8948e7f04dd70941558f527735145920ff517744a/pymongo-4.18.2-cp314-cp314-win_amd64.whl", hash = "sha256:ba5e91646910a9f3292cfaee7a172877f3c74bdbab1994677ba44ee1382be7b5", size = 823500, upload-time = "2026-09-24T16:59:21.231Z" },
    { url = "https://files.pythonhosted.org/packages/af/13/233fa438a5c8f07ee9e33fd1bedb7305f07529c8ec01dfb49362e848f1f2/pymongo-4.18.2-cp314-cp314-win_arm64.whl", hash = "sha256:32e20e17aa7dedf07c53d05b198b70ef7d11b1cabe6248589099f5c99caa388c", size = 816850, upload-time = "2026-09-24T16:59:22.861Z" },
    { url = "https://files.pythonhosted.org/packages/d3/ee/d1899e9db48749b3600bfae3eb6da0d1fe8a789910870202cc55f04a35be/pymongo-4.18.2-cp314-cp314t-macosx_10_15_x86_64.whl", hash = "sha256:57e7475f2122a70f19030caba0c20f131a5ddd4c55eebecaa75173d6a655a3f1", size = 821863, upload-time = "2026-09-24T16:59:24.459Z" },
    { url = "https://files.pythonhosted.org/packages/31/f9/5a48db5c3734813fed15e78f557eb5bce35347bfaef3da31a237d0586d47/pymongo-4.18.2-cp314-cp314t-macosx_11_0_arm64.whl", hash = "sha256:2ed31b3ed297ce1d49affbaca03cc3ab52604c7e04c10a6d9699f65a62310f7d", size = 822287, upload-time = "2026-09-24T16:59:26.019Z" },
    { url = "https://files.pythonhosted.org/packages/be/1a/9f0b9f7992c710a9bc5f974c2a5d8f9042d7fb8f719342fd624607c6e26d/pymongo-4.18.2-cp314-cp314t-manylinux1_i686.manylinux_2_28_i686.manylinux_2_5_i686.whl", hash = "sha256:8670ff0cba9a021e99d40e86ef59537b7ae81a3617a2e7c10ebbc974ef42a379", size = 1105891, upload-time = "2026-09-24T16:59:27.896Z" },
    { url = "https://files.pythonhosted.org/packages/df/f0/3603c875adf6108e71c1e754f4a3901a7b57cda226ec91c51de55b5950e0/pymongo-4.18.2-cp314-cp314t-manylinux2014_aarch64.manylinux_2_17_aarch64.manylinux_2_28_aarch64.whl", hash = "sha256:21b5f1460ffa1d9f7fcd8f974c9d3dc2d6ff29433a55357edb97545efee9b70d", size = 1125444, upload-time = "2026-09-24T16:59:29.616Z" },
    { url = "https://files.pythonhosted.org/packages/a1/88/75b9f4095c5b90093c759d1a3831d698c2b58492d32c8be52a248923f51e/pymongo-4.18.2-cp314-cp314t-manylinux2014_ppc64le.manylinux_2_17_ppc64le.manylinux_2_28_ppc64le.whl", hash = "sha256:cd55a76ebbc0ae6504235224127be5549bd8ffa467acecc2a6fca82b8a155ddd", size = 1145149, upload-time = "2026-09-24T16:59:31.543Z" },
    { url = "https://files.pythonhosted.org/packages/8e/d4/5ed7320a48cbf971092727e48f106d667fe6e9682aebcc4732e18a66ddc1/pymongo-4.18.2-cp314-cp314t-manylinux2014_s390x.manylinux_2_17_s390x.manylinux_2_28_s390x.whl", hash = "sha256:39652ef4457fda30124873bd51080609ccd566edcc1ec81aa72614b0bc7e48db", size = 1136527, upload-time = "2026-09-24T16:59:33.85Z" },
    { url = "https://files.pythonhosted.org/packages/41/be/48522b884df7c901a657ac7d26d9e145fa40dc59ef33a1c8a42f013f85ba/pymongo-4.18.2-cp314-cp314t-manylinux2014_x86_64.manylinux_2_17_x86_64.manylinux_2_28_x86_64.whl", hash = "sha256:d171e48ace55c33fda8598a046f3271da6c62aa3118b173770ecfdb846b8f207", size = 1117480, upload-time = "2026-09-24T16:59:35.593Z" },
    { url = "https://files.pythonhosted.org/packages/a4/2d/cb6aa46acaa0c3e615d535976458d0d535c481512dfcc2be58a3b4024417/pymongo-4.18.2-cp314-cp314t-win32.whl", hash = "sha256:a600edbe98e20e282d7331289429fff14d6426a062c8fc2234af6618a36d6ac3", size = 819030, upload-time = "2026-09-24T16:59:37.235Z" },
    { url = "https://files.pythonhosted.org/packages/9e/ef/3ba4a20ebe5548b7749d472b00c7faf5e7e9824b6565e51dd76add046992/pymongo-4.18.2-cp314-cp314t-win_amd64.whl", hash = "sha256:1501f2dfd34cd435a2cd99e155d14fa53459c5f3b18ce86b0ff537d654ead6ea", size = 827700, upload-time = "2026-09-24T16:59:38.835Z" },
    { url = "https://files.pythonhosted.org/packages/1d/c7/d0340e5fe18e7351885924f9f20895c0bb23af5282052f97f35df6f4724f/pymongo-4.18.2-cp314-cp314t-win_arm64.whl", hash = "sha256:7beca033207a1ceb35f6f030d9d95bde7df09f1088312c932a64c29a6f0d7b88", size = 818008, upload-time = "2026-09-24T16:59:40.56Z" },
]
